
Microsoft Visual Studio Solution File, Format Version 11.00
# Visual Studio 2010
Project("{FAE04EC0-301F-11D3-BF4B-00C04F79EFBC}") = "ESRGC.GIS.Domain", "ESRGC.GIS.Domain\ESRGC.GIS.Domain.csproj", "{491C790C-755D-4EA5-92ED-3A99C3F1F1FB}"
EndProject
Project("{FAE04EC0-301F-11D3-BF4B-00C04F79EFBC}") = "ESRGC.GIS.Kellog.Foodshed", "ESRGC.GIS.Kellog.Foodshed\ESRGC.GIS.Kellog.Foodshed.csproj", "{38115807-D7B4-4DA1-8104-74538B269153}"
EndProject
Global
	GlobalSection(SolutionConfigurationPlatforms) = preSolution
		Debug|Any CPU = Debug|Any CPU
		Release|Any CPU = Release|Any CPU
	EndGlobalSection
	GlobalSection(ProjectConfigurationPlatforms) = postSolution
		{491C790C-755D-4EA5-92ED-3A99C3F1F1FB}.Debug|Any CPU.ActiveCfg = Debug|Any CPU
		{491C790C-755D-4EA5-92ED-3A99C3F1F1FB}.Debug|Any CPU.Build.0 = Debug|Any CPU
		{491C790C-755D-4EA5-92ED-3A99C3F1F1FB}.Release|Any CPU.ActiveCfg = Release|Any CPU
		{491C790C-755D-4EA5-92ED-3A99C3F1F1FB}.Release|Any CPU.Build.0 = Release|Any CPU
		{38115807-D7B4-4DA1-8104-74538B269153}.Debug|Any CPU.ActiveCfg = Debug|Any CPU
		{38115807-D7B4-4DA1-8104-74538B269153}.Debug|Any CPU.Build.0 = Debug|Any CPU
		{38115807-D7B4-4DA1-8104-74538B269153}.Release|Any CPU.ActiveCfg = Release|Any CPU
		{38115807-D7B4-4DA1-8104-74538B269153}.Release|Any CPU.Build.0 = Release|Any CPU
	EndGlobalSection
	GlobalSection(SolutionProperties) = preSolution
		HideSolutionNode = FALSE
	EndGlobalSection
	GlobalSection(ExtensibilityGlobals) = postSolution
		VisualSVNWorkingCopyRoot = .
	EndGlobalSection
EndGlobal
